lockfileVersion: '9.0'

settings:
  autoInstallPeers: true
  excludeLinksFromLockfile: false

importers:

  .:
    devDependencies:
      node:
        specifier: runtime:26.10.0
        version: runtime:26.10.0

packages:

  node@runtime:26.10.0:
    resolution:
      type: variations
      variants:
        - resolution:
            archive: tarball
            bin:
              node: bin/node
            integrity: sha256-9ak/5zz1WDQU1Ni+WYxOx+cr4ygbWCDUlcKhXOaqE8g=
            type: binary
            url: https://nodejs.org/download/release/v26.10.0/node-v26.10.0-aix-ppc64.tar.gz
          targets:
            - cpu: ppc64
              os: aix
        - resolution:
            archive: tarball
            bin:
              node: bin/node
            integrity: sha256-dR/fdDnxFdh+4qjz8YwGW2FRhSBo4+ZmrGCsKZb3Wsk=
            type: binary
            url: https://nodejs.org/download/release/v26.10.0/node-v26.10.0-darwin-arm64.tar.gz
          targets:
            - cpu: arm64
              os: darwin
        - resolution:
            archive: tarball
            bin:
              node: bin/node
            integrity: sha256-676aubWK1rtUOQ1uLIYsGvp9RHX7foroFGrN4hG/cN8=
            type: binary
            url: https://nodejs.org/download/release/v26.10.0/node-v26.10.0-darwin-x64.tar.gz
          targets:
            - cpu: x64
              os: darwin
        - resolution:
            archive: tarball
            bin:
              node: bin/node
            integrity: sha256-QjpBv/jiovoV5wL+/ikZ75WCOyN4dE2sy4Q5MCU0tE8=
            type: binary
            url: https://nodejs.org/download/release/v26.10.0/node-v26.10.0-linux-arm64.tar.gz
          targets:
            - cpu: arm64
              os: linux
        - resolution:
            archive: tarball
            bin:
              node: bin/node
            integrity: sha256-DMa5qZBiFvjefXAUYDj+a6tffo86itKdjb6r3xOBtS0=
            type: binary
            url: https://nodejs.org/download/release/v26.10.0/node-v26.10.0-linux-ppc64le.tar.gz
          targets:
            - cpu: ppc64le
              os: linux
        - resolution:
            archive: tarball
            bin:
              node: bin/node
            integrity: sha256-eHQCtH8Pj9RioZpEw9cHBSyryV7LlG/oBBobXIEOPWM=
            type: binary
            url: https://nodejs.org/download/release/v26.10.0/node-v26.10.0-linux-s390x.tar.gz
          targets:
            - cpu: s390x
              os: linux
        - resolution:
            archive: tarball
            bin:
              node: bin/node
            integrity: sha256-G99gyBQeUVJgS6+LOPMeGRs3lPYPzitxNR54xAIfAWY=
            type: binary
            url: https://nodejs.org/download/release/v26.10.0/node-v26.10.0-linux-x64-musl.tar.gz
          targets:
            - cpu: x64
              os: linux
              libc: musl
        - resolution:
            archive: tarball
            bin:
              node: bin/node
            integrity: sha256-y1yc6cgNe4gh46JYVDxxuTkTjPF8dNXMRLvoXW28Wtg=
            type: binary
            url: https://nodejs.org/download/release/v26.10.0/node-v26.10.0-linux-x64.tar.gz
          targets:
            - cpu: x64
              os: linux
        - resolution:
            archive: zip
            bin:
              node: node.exe
            integrity: sha256-t3hkDXJxVmvKqWeZEs3waEwT6CTBFOQai2lvsUr3p6o=
            prefix: node-v26.10.0-win-arm64
            type: binary
            url: https://nodejs.org/download/release/v26.10.0/node-v26.10.0-win-arm64.zip
          targets:
            - cpu: arm64
              os: win32
        - resolution:
            archive: zip
            bin:
              node: node.exe
            integrity: sha256-n+9+ymdDprkQmJzY54cSN2s5T8ubbh6cRKB5mih/kMU=
            prefix: node-v26.10.0-win-x64
            type: binary
            url: https://nodejs.org/download/release/v26.10.0/node-v26.10.0-win-x64.zip
          targets:
            - cpu: x64
              os: win32
        - resolution:
            archive: tarball
            bin:
              node: bin/node
            integrity: sha256-0mAnv/MZcFDSorC/oVGxjoN47YGv+iv1CTgE2xWJebY=
            type: binary
            url: https://unofficial-builds.nodejs.org/download/release/v26.10.0/node-v26.10.0-linux-arm64-musl.tar.gz
          targets:
            - cpu: arm64
              os: linux
              libc: musl
        - resolution:
            archive: tarball
            bin:
              node: bin/node
            integrity: sha256-5C2pSCG5Qi63a/Wq9N4Jd+BLoyC4r/YUjYlalLCO4iM=
            type: binary
            url: https://unofficial-builds.nodejs.org/download/release/v26.10.0/node-v26.10.0-linux-x64-musl.tar.gz
          targets:
            - cpu: x64
              os: linux
              libc: musl
    version: 26.10.0
    hasBin: true

snapshots:

  node@runtime:26.10.0: {}
